
Microsoft Visual Studio Solution File, Format Version 12.00
# Visual Studio Version 16
VisualStudioVersion = 16.0.28803.452
MinimumVisualStudioVersion = 10.0.40219.1
Project("{9A19103F-16F7-4668-BE54-9A1E7A4F7556}") = "Xpirit.BeerXchange", "Xpirit.BeerXchange\Xpirit.BeerXchange.csproj", "{66EAD119-49DE-4DF3-B696-5AF3C43F31E6}"
EndProject
Project("{2150E333-8FDC-42A3-9474-1A3956D46DE8}") = "Solution Items", "Solution Items", "{5A9E38C8-4295-4F68-95AD-28F6D6F6EC13}"
	ProjectSection(SolutionItems) = preProject
		_old_azure-pipelines._old_yml = _old_azure-pipelines._old_yml
	EndProjectSection
EndProject
Global
	GlobalSection(SolutionConfigurationPlatforms) = preSolution
		Debug|Any CPU = Debug|Any CPU
		Release|Any CPU = Release|Any CPU
	EndGlobalSection
	GlobalSection(ProjectConfigurationPlatforms) = postSolution
		{66EAD119-49DE-4DF3-B696-5AF3C43F31E6}.Debug|Any CPU.ActiveCfg = Debug|Any CPU
		{66EAD119-49DE-4DF3-B696-5AF3C43F31E6}.Debug|Any CPU.Build.0 = Debug|Any CPU
		{66EAD119-49DE-4DF3-B696-5AF3C43F31E6}.Release|Any CPU.ActiveCfg = Release|Any CPU
		{66EAD119-49DE-4DF3-B696-5AF3C43F31E6}.Release|Any CPU.Build.0 = Release|Any CPU
	EndGlobalSection
	GlobalSection(SolutionProperties) = preSolution
		HideSolutionNode = FALSE
	EndGlobalSection
	GlobalSection(ExtensibilityGlobals) = postSolution
		SolutionGuid = {F64B0356-FD52-4CE2-BF8F-FE4B489A3AED}
	EndGlobalSection
EndGlobal
